{
  "name": "webSahu",
  "version": "1.0.0",
  "lockfileVersion": 1,
  "requires": true,
  "dependencies": {
    "mysevenonlinepack": {
      "version": "1.0.0",
      "resolved": "https://registry.npmjs.org/mysevenonlinepack/-/mysevenonlinepack-1.0.0.tgz",
      "integrity": "sha512-7OkcBfo8czL8Cyn0LrK2VYUJS+KZbHKLYcv6fpbkH5gQakRexTPULo6wUoKBMRi4OfC3pUonWmiJpG1xcdAVCQ=="
    }
  }
}
